
Microsoft Visual Studio Solution File, Format Version 12.00
# Visual Studio Version 16
VisualStudioVersion = 16.0.31727.386
MinimumVisualStudioVersion = 10.0.40219.1
Project("{FAE04EC0-301F-11D3-BF4B-00C04F79EFBC}") = "Lab_1", "Lab_1\Lab_1.csproj", "{1587BA25-F4A3-4003-8241-09CD75AA3223}"
EndProject
Project("{FAE04EC0-301F-11D3-BF4B-00C04F79EFBC}") = "Laba_2", "Laba_2\Laba_2.csproj", "{B2F04D48-3778-46B0-AAE7-220A5874973C}"
EndProject
Global
	GlobalSection(SolutionConfigurationPlatforms) = preSolution
		Debug|Any CPU = Debug|Any CPU
		Release|Any CPU = Release|Any CPU
	EndGlobalSection
	GlobalSection(ProjectConfigurationPlatforms) = postSolution
		{1587BA25-F4A3-4003-8241-09CD75AA3223}.Debug|Any CPU.ActiveCfg = Debug|Any CPU
		{1587BA25-F4A3-4003-8241-09CD75AA3223}.Debug|Any CPU.Build.0 = Debug|Any CPU
		{1587BA25-F4A3-4003-8241-09CD75AA3223}.Release|Any CPU.ActiveCfg = Release|Any CPU
		{1587BA25-F4A3-4003-8241-09CD75AA3223}.Release|Any CPU.Build.0 = Release|Any CPU
		{B2F04D48-3778-46B0-AAE7-220A5874973C}.Debug|Any CPU.ActiveCfg = Debug|Any CPU
		{B2F04D48-3778-46B0-AAE7-220A5874973C}.Debug|Any CPU.Build.0 = Debug|Any CPU
		{B2F04D48-3778-46B0-AAE7-220A5874973C}.Release|Any CPU.ActiveCfg = Release|Any CPU
		{B2F04D48-3778-46B0-AAE7-220A5874973C}.Release|Any CPU.Build.0 = Release|Any CPU
	EndGlobalSection
	GlobalSection(SolutionProperties) = preSolution
		HideSolutionNode = FALSE
	EndGlobalSection
	GlobalSection(ExtensibilityGlobals) = postSolution
		SolutionGuid = {49916423-274F-4DFE-BCAB-A0829FCEEF3D}
	EndGlobalSection
EndGlobal
